
Microsoft Visual Studio Solution File, Format Version 12.00
# Visual Studio Version 17
VisualStudioVersion = 17.1.32421.90
MinimumVisualStudioVersion = 10.0.40219.1
Project("{FAE04EC0-301F-11D3-BF4B-00C04F79EFBC}") = "Datatable.Dotnet", "Datatable.Dotnet\Datatable.Dotnet.csproj", "{F5227967-10D0-4459-BAA5-392FB43A4DC1}"
EndProject
Global
	GlobalSection(SolutionConfigurationPlatforms) = preSolution
		Debug|Any CPU = Debug|Any CPU
		Release|Any CPU = Release|Any CPU
	EndGlobalSection
	GlobalSection(ProjectConfigurationPlatforms) = postSolution
		{F5227967-10D0-4459-BAA5-392FB43A4DC1}.Debug|Any CPU.ActiveCfg = Debug|Any CPU
		{F5227967-10D0-4459-BAA5-392FB43A4DC1}.Debug|Any CPU.Build.0 = Debug|Any CPU
		{F5227967-10D0-4459-BAA5-392FB43A4DC1}.Release|Any CPU.ActiveCfg = Release|Any CPU
		{F5227967-10D0-4459-BAA5-392FB43A4DC1}.Release|Any CPU.Build.0 = Release|Any CPU
	EndGlobalSection
	GlobalSection(SolutionProperties) = preSolution
		HideSolutionNode = FALSE
	EndGlobalSection
	GlobalSection(ExtensibilityGlobals) = postSolution
		SolutionGuid = {1BD8F397-6CD7-4838-8144-20A5960C8425}
	EndGlobalSection
EndGlobal
